// !$*UTF8*$!
{
	archiveVersion = 1;
	classes = {
	};
	objectVersion = 46;
	objects = {

/* Begin PBXBuildFile section */
		C6B3371A18063E3400912F70 /* Sqlite.1 in CopyFiles */ = {isa = PBXBuildFile; fileRef = C6B3371918063E3400912F70 /* Sqlite.1 */; };
		C6B3372618063E9300912F70 /* shell.c in Sources */ = {isa = PBXBuildFile; fileRef = C6B3372218063E9300912F70 /* shell.c */; };
		C6B3372718063E9300912F70 /* sqlite3.c in Sources */ = {isa = PBXBuildFile; fileRef = C6B3372318063E9300912F70 /* sqlite3.c */; };
/* End PBXBuildFile section */

/* Begin PBXCopyFilesBuildPhase section */
		C6B3371218063E3400912F70 /* CopyFiles */ = {
			isa = PBXCopyFilesBuildPhase;
			buildActionMask = 2147483647;
			dstPath = /usr/share/man/man1/;
			dstSubfolderSpec = 0;
			files = (
				C6B3371A18063E3400912F70 /* Sqlite.1 in CopyFiles */,
			);
			runOnlyForDeploymentPostprocessing = 1;
		};
/* End PBXCopyFilesBuildPhase section */

/* Begin PBXFileReference section */
		C6B3371418063E3400912F70 /* Sqlite */ = {isa = PBXFileReference; explicitFileType = "compiled.mach-o.executable"; includeInIndex = 0; path = Sqlite; sourceTree = BUILT_PRODUCTS_DIR; };
		C6B3371918063E3400912F70 /* Sqlite.1 */ = {isa = PBXFileReference; lastKnownFileType = text.man; path = Sqlite.1; sourceTree = "<group>"; };
		C6B3372118063E8700912F70 /* signal.txt */ = {isa = PBXFileReference; fileEncoding = 4; lastKnownFileType = text; path = signal.txt; sourceTree = "<group>"; };
		C6B3372218063E9300912F70 /* shell.c */ = {isa = PBXFileReference; fileEncoding = 4; lastKnownFileType = sourcecode.c.c; path = shell.c; sourceTree = "<group>"; };
		C6B3372318063E9300912F70 /* sqlite3.c */ = {isa = PBXFileReference; fileEncoding = 4; lastKnownFileType = sourcecode.c.c; path = sqlite3.c; sourceTree = "<group>"; };
		C6B3372418063E9300912F70 /* sqlite3.h */ = {isa = PBXFileReference; fileEncoding = 4; lastKnownFileType = sourcecode.c.h; path = sqlite3.h; sourceTree = "<group>"; };
		C6B3372518063E9300912F70 /* sqlite3ext.h */ = {isa = PBXFileReference; fileEncoding = 4; lastKnownFileType = sourcecode.c.h; path = sqlite3ext.h; sourceTree = "<group>"; };
/* End PBXFileReference section */

/* Begin PBXFrameworksBuildPhase section */
		C6B3371118063E3400912F70 /* Frameworks */ = {
			isa = PBXFrameworksBuildPhase;
			buildActionMask = 2147483647;
			files = (
			);
			runOnlyForDeploymentPostprocessing = 0;
		};
/* End PBXFrameworksBuildPhase section */

/* Begin PBXGroup section */
		C6B3370B18063E3400912F70 = {
			isa = PBXGroup;
			children = (
				C6B3371618063E3400912F70 /* Sqlite */,
				C6B3371518063E3400912F70 /* Products */,
			);
			sourceTree = "<group>";
		};
		C6B3371518063E3400912F70 /* Products */ = {
			isa = PBXGroup;
			children = (
				C6B3371418063E3400912F70 /* Sqlite */,
			);
			name = Products;
			sourceTree = "<group>";
		};
		C6B3371618063E3400912F70 /* Sqlite */ = {
			isa = PBXGroup;
			children = (
				C6B3372018063E8700912F70 /* knowledge */,
				C6B3371918063E3400912F70 /* Sqlite.1 */,
				C6B3372218063E9300912F70 /* shell.c */,
				C6B3372318063E9300912F70 /* sqlite3.c */,
				C6B3372418063E9300912F70 /* sqlite3.h */,
				C6B3372518063E9300912F70 /* sqlite3ext.h */,
			);
			path = Sqlite;
			sourceTree = "<group>";
		};
		C6B3372018063E8700912F70 /* knowledge */ = {
			isa = PBXGroup;
			children = (
				C6B3372118063E8700912F70 /* signal.txt */,
			);
			path = knowledge;
			sourceTree = "<group>";
		};
/* End PBXGroup section */

/* Begin PBXNativeTarget section */
		C6B3371318063E3400912F70 /* Sqlite */ = {
			isa = PBXNativeTarget;
			buildConfigurationList = C6B3371D18063E3400912F70 /* Build configuration list for PBXNativeTarget "Sqlite" */;
			buildPhases = (
				C6B3371018063E3400912F70 /* Sources */,
				C6B3371118063E3400912F70 /* Frameworks */,
				C6B3371218063E3400912F70 /* CopyFiles */,
			);
			buildRules = (
			);
			dependencies = (
			);
			name = Sqlite;
			productName = Sqlite;
			productReference = C6B3371418063E3400912F70 /* Sqlite */;
			productType = "com.apple.product-type.tool";
		};
/* End PBXNativeTarget section */

/* Begin PBXProject section */
		C6B3370C18063E3400912F70 /* Project object */ = {
			isa = PBXProject;
			attributes = {
				LastUpgradeCheck = 0460;
				ORGANIZATIONNAME = com.gooagoo.Gooagoo;
			};
			buildConfigurationList = C6B3370F18063E3400912F70 /* Build configuration list for PBXProject "Sqlite" */;
			compatibilityVersion = "Xcode 3.2";
			developmentRegion = English;
			hasScannedForEncodings = 0;
			knownRegions = (
				en,
			);
			mainGroup = C6B3370B18063E3400912F70;
			productRefGroup = C6B3371518063E3400912F70 /* Products */;
			projectDirPath = "";
			projectRoot = "";
			targets = (
				C6B3371318063E3400912F70 /* Sqlite */,
			);
		};
/* End PBXProject section */

/* Begin PBXSourcesBuildPhase section */
		C6B3371018063E3400912F70 /* Sources */ = {
			isa = PBXSourcesBuildPhase;
			buildActionMask = 2147483647;
			files = (
				C6B3372618063E9300912F70 /* shell.c in Sources */,
				C6B3372718063E9300912F70 /* sqlite3.c in Sources */,
			);
			runOnlyForDeploymentPostprocessing = 0;
		};
/* End PBXSourcesBuildPhase section */

/* Begin XCBuildConfiguration section */
		C6B3371B18063E3400912F70 /* Debug */ = {
			isa = XCBuildConfiguration;
			buildSettings = {
				ALWAYS_SEARCH_USER_PATHS = NO;
				ARCHS = "$(ARCHS_STANDARD_64_BIT)";
				CLANG_CXX_LANGUAGE_STANDARD = "gnu++0x";
				CLANG_CXX_LIBRARY = "libc++";
				CLANG_WARN_CONSTANT_CONVERSION = YES;
				CLANG_WARN_EMPTY_BODY = YES;
				CLANG_WARN_ENUM_CONVERSION = YES;
				CLANG_WARN_INT_CONVERSION = YES;
				CLANG_WARN__DUPLICATE_METHOD_MATCH = YES;
				COPY_PHASE_STRIP = NO;
				GCC_C_LANGUAGE_STANDARD = gnu99;
				GCC_DYNAMIC_NO_PIC = NO;
				GCC_ENABLE_OBJC_EXCEPTIONS = YES;
				GCC_OPTIMIZATION_LEVEL = 0;
				GCC_PREPROCESSOR_DEFINITIONS = (
					"DEBUG=1",
					"$(inherited)",
				);
				GCC_SYMBOLS_PRIVATE_EXTERN = NO;
				GCC_WARN_64_TO_32_BIT_CONVERSION = YES;
				GCC_WARN_ABOUT_RETURN_TYPE = YES;
				GCC_WARN_UNINITIALIZED_AUTOS = YES;
				GCC_WARN_UNUSED_VARIABLE = YES;
				MACOSX_DEPLOYMENT_TARGET = 10.8;
				ONLY_ACTIVE_ARCH = YES;
				SDKROOT = macosx;
			};
			name = Debug;
		};
		C6B3371C18063E3400912F70 /* Release */ = {
			isa = XCBuildConfiguration;
			buildSettings = {
				ALWAYS_SEARCH_USER_PATHS = NO;
				ARCHS = "$(ARCHS_STANDARD_64_BIT)";
				CLANG_CXX_LANGUAGE_STANDARD = "gnu++0x";
				CLANG_CXX_LIBRARY = "libc++";
				CLANG_WARN_CONSTANT_CONVERSION = YES;
				CLANG_WARN_EMPTY_BODY = YES;
				CLANG_WARN_ENUM_CONVERSION = YES;
				CLANG_WARN_INT_CONVERSION = YES;
				CLANG_WARN__DUPLICATE_METHOD_MATCH = YES;
				COPY_PHASE_STRIP = YES;
				DEBUG_INFORMATION_FORMAT = "dwarf-with-dsym";
				GCC_C_LANGUAGE_STANDARD = gnu99;
				GCC_ENABLE_OBJC_EXCEPTIONS = YES;
				GCC_WARN_64_TO_32_BIT_CONVERSION = YES;
				GCC_WARN_ABOUT_RETURN_TYPE = YES;
				GCC_WARN_UNINITIALIZED_AUTOS = YES;
				GCC_WARN_UNUSED_VARIABLE = YES;
				MACOSX_DEPLOYMENT_TARGET = 10.8;
				SDKROOT = macosx;
			};
			name = Release;
		};
		C6B3371E18063E3400912F70 /* Debug */ = {
			isa = XCBuildConfiguration;
			buildSettings = {
				PRODUCT_NAME = "$(TARGET_NAME)";
			};
			name = Debug;
		};
		C6B3371F18063E3400912F70 /* Release */ = {
			isa = XCBuildConfiguration;
			buildSettings = {
				PRODUCT_NAME = "$(TARGET_NAME)";
			};
			name = Release;
		};
/* End XCBuildConfiguration section */

/* Begin XCConfigurationList section */
		C6B3370F18063E3400912F70 /* Build configuration list for PBXProject "Sqlite" */ = {
			isa = XCConfigurationList;
			buildConfigurations = (
				C6B3371B18063E3400912F70 /* Debug */,
				C6B3371C18063E3400912F70 /* Release */,
			);
			defaultConfigurationIsVisible = 0;
			defaultConfigurationName = Release;
		};
		C6B3371D18063E3400912F70 /* Build configuration list for PBXNativeTarget "Sqlite" */ = {
			isa = XCConfigurationList;
			buildConfigurations = (
				C6B3371E18063E3400912F70 /* Debug */,
				C6B3371F18063E3400912F70 /* Release */,
			);
			defaultConfigurationIsVisible = 0;
		};
/* End XCConfigurationList section */
	};
	rootObject = C6B3370C18063E3400912F70 /* Project object */;
}
